
Microsoft Visual Studio Solution File, Format Version 12.00
# Visual Studio Version 17
VisualStudioVersion = 17.13.35825.156
MinimumVisualStudioVersion = 10.0.40219.1
Project("{FAE04EC0-301F-11D3-BF4B-00C04F79EFBC}") = "patient.API", "patient.API\patient.API.csproj", "{E9F6ABCF-112E-43A3-8344-014AF7C16CDF}"
EndProject
Project("{FAE04EC0-301F-11D3-BF4B-00C04F79EFBC}") = "patient.Infrastructure", "patient.Infrastructure\patient.Infrastructure.csproj", "{C109F6C5-08DD-4A01-AAC5-1DCBB2A53297}"
EndProject
Project("{FAE04EC0-301F-11D3-BF4B-00C04F79EFBC}") = "patient.BusinessLogic", "patient.BusinessLogic\patient.BusinessLogic.csproj", "{80B4950D-E143-434E-B279-D362634B5A24}"
EndProject
Project("{FAE04EC0-301F-11D3-BF4B-00C04F79EFBC}") = "patient.Domain", "patient.Domain\patient.Domain.csproj", "{E679744E-8088-4684-BC3F-B9E99926DF15}"
EndProject
Project("{FAE04EC0-301F-11D3-BF4B-00C04F79EFBC}") = "patient.DataAccess", "patient.DataAccess\patient.DataAccess.csproj", "{90928380-13AC-4EF3-81FC-50F613DF0B89}"
EndProject
Global
	GlobalSection(SolutionConfigurationPlatforms) = preSolution
		Debug|Any CPU = Debug|Any CPU
		Release|Any CPU = Release|Any CPU
	EndGlobalSection
	GlobalSection(ProjectConfigurationPlatforms) = postSolution
		{E9F6ABCF-112E-43A3-8344-014AF7C16CDF}.Debug|Any CPU.ActiveCfg = Debug|Any CPU
		{E9F6ABCF-112E-43A3-8344-014AF7C16CDF}.Debug|Any CPU.Build.0 = Debug|Any CPU
		{E9F6ABCF-112E-43A3-8344-014AF7C16CDF}.Release|Any CPU.ActiveCfg = Release|Any CPU
		{E9F6ABCF-112E-43A3-8344-014AF7C16CDF}.Release|Any CPU.Build.0 = Release|Any CPU
		{C109F6C5-08DD-4A01-AAC5-1DCBB2A53297}.Debug|Any CPU.ActiveCfg = Debug|Any CPU
		{C109F6C5-08DD-4A01-AAC5-1DCBB2A53297}.Debug|Any CPU.Build.0 = Debug|Any CPU
		{C109F6C5-08DD-4A01-AAC5-1DCBB2A53297}.Release|Any CPU.ActiveCfg = Release|Any CPU
		{C109F6C5-08DD-4A01-AAC5-1DCBB2A53297}.Release|Any CPU.Build.0 = Release|Any CPU
		{80B4950D-E143-434E-B279-D362634B5A24}.Debug|Any CPU.ActiveCfg = Debug|Any CPU
		{80B4950D-E143-434E-B279-D362634B5A24}.Debug|Any CPU.Build.0 = Debug|Any CPU
		{80B4950D-E143-434E-B279-D362634B5A24}.Release|Any CPU.ActiveCfg = Release|Any CPU
		{80B4950D-E143-434E-B279-D362634B5A24}.Release|Any CPU.Build.0 = Release|Any CPU
		{E679744E-8088-4684-BC3F-B9E99926DF15}.Debug|Any CPU.ActiveCfg = Debug|Any CPU
		{E679744E-8088-4684-BC3F-B9E99926DF15}.Debug|Any CPU.Build.0 = Debug|Any CPU
		{E679744E-8088-4684-BC3F-B9E99926DF15}.Release|Any CPU.ActiveCfg = Release|Any CPU
		{E679744E-8088-4684-BC3F-B9E99926DF15}.Release|Any CPU.Build.0 = Release|Any CPU
		{90928380-13AC-4EF3-81FC-50F613DF0B89}.Debug|Any CPU.ActiveCfg = Debug|Any CPU
		{90928380-13AC-4EF3-81FC-50F613DF0B89}.Debug|Any CPU.Build.0 = Debug|Any CPU
		{90928380-13AC-4EF3-81FC-50F613DF0B89}.Release|Any CPU.ActiveCfg = Release|Any CPU
		{90928380-13AC-4EF3-81FC-50F613DF0B89}.Release|Any CPU.Build.0 = Release|Any CPU
	EndGlobalSection
	GlobalSection(SolutionProperties) = preSolution
		HideSolutionNode = FALSE
	EndGlobalSection
	GlobalSection(ExtensibilityGlobals) = postSolution
		SolutionGuid = {5A685FB8-1F28-49C9-9B0C-E26DF85253BA}
	EndGlobalSection
EndGlobal
